
Microsoft Visual Studio Solution File, Format Version 12.00
# Visual Studio 15
Project("{FAE04EC0-301F-11D3-BF4B-00C04F79EFBC}") = "CrossPaint.Android", "CrossPaint.Android\CrossPaint.Android.csproj", "{226DC6E9-E6E2-4ED9-838A-4D8BCBC45756}"
EndProject
Project("{FAE04EC0-301F-11D3-BF4B-00C04F79EFBC}") = "CrossPaint.iOS", "CrossPaint.iOS\CrossPaint.iOS.csproj", "{BF100DEA-7BC8-49BB-8682-B29A0EBF6090}"
EndProject
Project("{FAE04EC0-301F-11D3-BF4B-00C04F79EFBC}") = "CrossPaint", "CrossPaint\CrossPaint.csproj", "{9E18FDAF-EB9D-4E63-8C4A-2E653578B909}"
EndProject
Global
	GlobalSection(SolutionConfigurationPlatforms) = preSolution
		Debug|Any CPU = Debug|Any CPU
		Release|Any CPU = Release|Any CPU
		Debug|iPhoneSimulator = Debug|iPhoneSimulator
		Release|iPhoneSimulator = Release|iPhoneSimulator
		Debug|iPhone = Debug|iPhone
		Release|iPhone = Release|iPhone
	EndGlobalSection
	GlobalSection(ProjectConfigurationPlatforms) = postSolution
		{226DC6E9-E6E2-4ED9-838A-4D8BCBC45756}.Debug|Any CPU.ActiveCfg = Debug|Any CPU
		{226DC6E9-E6E2-4ED9-838A-4D8BCBC45756}.Debug|Any CPU.Build.0 = Debug|Any CPU
		{226DC6E9-E6E2-4ED9-838A-4D8BCBC45756}.Release|Any CPU.ActiveCfg = Release|Any CPU
		{226DC6E9-E6E2-4ED9-838A-4D8BCBC45756}.Release|Any CPU.Build.0 = Release|Any CPU
		{226DC6E9-E6E2-4ED9-838A-4D8BCBC45756}.Debug|iPhoneSimulator.ActiveCfg = Debug|Any CPU
		{226DC6E9-E6E2-4ED9-838A-4D8BCBC45756}.Debug|iPhoneSimulator.Build.0 = Debug|Any CPU
		{226DC6E9-E6E2-4ED9-838A-4D8BCBC45756}.Release|iPhoneSimulator.ActiveCfg = Release|Any CPU
		{226DC6E9-E6E2-4ED9-838A-4D8BCBC45756}.Release|iPhoneSimulator.Build.0 = Release|Any CPU
		{226DC6E9-E6E2-4ED9-838A-4D8BCBC45756}.Debug|iPhone.ActiveCfg = Debug|Any CPU
		{226DC6E9-E6E2-4ED9-838A-4D8BCBC45756}.Debug|iPhone.Build.0 = Debug|Any CPU
		{226DC6E9-E6E2-4ED9-838A-4D8BCBC45756}.Release|iPhone.ActiveCfg = Release|Any CPU
		{226DC6E9-E6E2-4ED9-838A-4D8BCBC45756}.Release|iPhone.Build.0 = Release|Any CPU
		{BF100DEA-7BC8-49BB-8682-B29A0EBF6090}.Debug|Any CPU.ActiveCfg = Debug|iPhoneSimulator
		{BF100DEA-7BC8-49BB-8682-B29A0EBF6090}.Debug|Any CPU.Build.0 = Debug|iPhoneSimulator
		{BF100DEA-7BC8-49BB-8682-B29A0EBF6090}.Release|Any CPU.ActiveCfg = Release|iPhoneSimulator
		{BF100DEA-7BC8-49BB-8682-B29A0EBF6090}.Release|Any CPU.Build.0 = Release|iPhoneSimulator
		{BF100DEA-7BC8-49BB-8682-B29A0EBF6090}.Debug|iPhoneSimulator.ActiveCfg = Debug|iPhoneSimulator
		{BF100DEA-7BC8-49BB-8682-B29A0EBF6090}.Debug|iPhoneSimulator.Build.0 = Debug|iPhoneSimulator
		{BF100DEA-7BC8-49BB-8682-B29A0EBF6090}.Release|iPhoneSimulator.ActiveCfg = Release|iPhoneSimulator
		{BF100DEA-7BC8-49BB-8682-B29A0EBF6090}.Release|iPhoneSimulator.Build.0 = Release|iPhoneSimulator
		{BF100DEA-7BC8-49BB-8682-B29A0EBF6090}.Debug|iPhone.ActiveCfg = Debug|iPhone
		{BF100DEA-7BC8-49BB-8682-B29A0EBF6090}.Debug|iPhone.Build.0 = Debug|iPhone
		{BF100DEA-7BC8-49BB-8682-B29A0EBF6090}.Release|iPhone.ActiveCfg = Release|iPhone
		{BF100DEA-7BC8-49BB-8682-B29A0EBF6090}.Release|iPhone.Build.0 = Release|iPhone
		{9E18FDAF-EB9D-4E63-8C4A-2E653578B909}.Debug|Any CPU.ActiveCfg = Debug|Any CPU
		{9E18FDAF-EB9D-4E63-8C4A-2E653578B909}.Debug|Any CPU.Build.0 = Debug|Any CPU
		{9E18FDAF-EB9D-4E63-8C4A-2E653578B909}.Release|Any CPU.ActiveCfg = Release|Any CPU
		{9E18FDAF-EB9D-4E63-8C4A-2E653578B909}.Release|Any CPU.Build.0 = Release|Any CPU
		{9E18FDAF-EB9D-4E63-8C4A-2E653578B909}.Debug|iPhoneSimulator.ActiveCfg = Debug|Any CPU
		{9E18FDAF-EB9D-4E63-8C4A-2E653578B909}.Debug|iPhoneSimulator.Build.0 = Debug|Any CPU
		{9E18FDAF-EB9D-4E63-8C4A-2E653578B909}.Release|iPhoneSimulator.ActiveCfg = Release|Any CPU
		{9E18FDAF-EB9D-4E63-8C4A-2E653578B909}.Release|iPhoneSimulator.Build.0 = Release|Any CPU
		{9E18FDAF-EB9D-4E63-8C4A-2E653578B909}.Debug|iPhone.ActiveCfg = Debug|Any CPU
		{9E18FDAF-EB9D-4E63-8C4A-2E653578B909}.Debug|iPhone.Build.0 = Debug|Any CPU
		{9E18FDAF-EB9D-4E63-8C4A-2E653578B909}.Release|iPhone.ActiveCfg = Release|Any CPU
		{9E18FDAF-EB9D-4E63-8C4A-2E653578B909}.Release|iPhone.Build.0 = Release|Any CPU
	EndGlobalSection
EndGlobal
