
Microsoft Visual Studio Solution File, Format Version 12.00
# Visual Studio 15
Project("{FAE04EC0-301F-11D3-BF4B-00C04F79EFBC}") = "DockpadAPI.Android", "DockpadAPI.Android\DockpadAPI.Android.csproj", "{F25855E5-1EFA-425D-B373-0F986C6A076E}"
EndProject
Project("{FAE04EC0-301F-11D3-BF4B-00C04F79EFBC}") = "DockpadAPI.iOS", "DockpadAPI.iOS\DockpadAPI.iOS.csproj", "{34E0758A-1286-4E0A-963A-C8BC503E4638}"
EndProject
Project("{FAE04EC0-301F-11D3-BF4B-00C04F79EFBC}") = "DockpadAPI", "DockpadAPI\DockpadAPI.csproj", "{541CC5FD-DBC1-45AA-A583-C44E290F3D18}"
EndProject
Global
	GlobalSection(SolutionConfigurationPlatforms) = preSolution
		Debug|Any CPU = Debug|Any CPU
		Release|Any CPU = Release|Any CPU
		Debug|iPhoneSimulator = Debug|iPhoneSimulator
		Release|iPhoneSimulator = Release|iPhoneSimulator
		Debug|iPhone = Debug|iPhone
		Release|iPhone = Release|iPhone
	EndGlobalSection
	GlobalSection(ProjectConfigurationPlatforms) = postSolution
		{F25855E5-1EFA-425D-B373-0F986C6A076E}.Debug|Any CPU.ActiveCfg = Debug|Any CPU
		{F25855E5-1EFA-425D-B373-0F986C6A076E}.Debug|Any CPU.Build.0 = Debug|Any CPU
		{F25855E5-1EFA-425D-B373-0F986C6A076E}.Release|Any CPU.ActiveCfg = Release|Any CPU
		{F25855E5-1EFA-425D-B373-0F986C6A076E}.Release|Any CPU.Build.0 = Release|Any CPU
		{F25855E5-1EFA-425D-B373-0F986C6A076E}.Debug|iPhoneSimulator.ActiveCfg = Debug|Any CPU
		{F25855E5-1EFA-425D-B373-0F986C6A076E}.Debug|iPhoneSimulator.Build.0 = Debug|Any CPU
		{F25855E5-1EFA-425D-B373-0F986C6A076E}.Release|iPhoneSimulator.ActiveCfg = Release|Any CPU
		{F25855E5-1EFA-425D-B373-0F986C6A076E}.Release|iPhoneSimulator.Build.0 = Release|Any CPU
		{F25855E5-1EFA-425D-B373-0F986C6A076E}.Debug|iPhone.ActiveCfg = Debug|Any CPU
		{F25855E5-1EFA-425D-B373-0F986C6A076E}.Debug|iPhone.Build.0 = Debug|Any CPU
		{F25855E5-1EFA-425D-B373-0F986C6A076E}.Release|iPhone.ActiveCfg = Release|Any CPU
		{F25855E5-1EFA-425D-B373-0F986C6A076E}.Release|iPhone.Build.0 = Release|Any CPU
		{34E0758A-1286-4E0A-963A-C8BC503E4638}.Debug|Any CPU.ActiveCfg = Debug|iPhoneSimulator
		{34E0758A-1286-4E0A-963A-C8BC503E4638}.Debug|Any CPU.Build.0 = Debug|iPhoneSimulator
		{34E0758A-1286-4E0A-963A-C8BC503E4638}.Release|Any CPU.ActiveCfg = Release|iPhoneSimulator
		{34E0758A-1286-4E0A-963A-C8BC503E4638}.Release|Any CPU.Build.0 = Release|iPhoneSimulator
		{34E0758A-1286-4E0A-963A-C8BC503E4638}.Debug|iPhoneSimulator.ActiveCfg = Debug|iPhoneSimulator
		{34E0758A-1286-4E0A-963A-C8BC503E4638}.Debug|iPhoneSimulator.Build.0 = Debug|iPhoneSimulator
		{34E0758A-1286-4E0A-963A-C8BC503E4638}.Release|iPhoneSimulator.ActiveCfg = Release|iPhoneSimulator
		{34E0758A-1286-4E0A-963A-C8BC503E4638}.Release|iPhoneSimulator.Build.0 = Release|iPhoneSimulator
		{34E0758A-1286-4E0A-963A-C8BC503E4638}.Debug|iPhone.ActiveCfg = Debug|iPhone
		{34E0758A-1286-4E0A-963A-C8BC503E4638}.Debug|iPhone.Build.0 = Debug|iPhone
		{34E0758A-1286-4E0A-963A-C8BC503E4638}.Release|iPhone.ActiveCfg = Release|iPhone
		{34E0758A-1286-4E0A-963A-C8BC503E4638}.Release|iPhone.Build.0 = Release|iPhone
		{541CC5FD-DBC1-45AA-A583-C44E290F3D18}.Debug|Any CPU.ActiveCfg = Debug|Any CPU
		{541CC5FD-DBC1-45AA-A583-C44E290F3D18}.Debug|Any CPU.Build.0 = Debug|Any CPU
		{541CC5FD-DBC1-45AA-A583-C44E290F3D18}.Release|Any CPU.ActiveCfg = Release|Any CPU
		{541CC5FD-DBC1-45AA-A583-C44E290F3D18}.Release|Any CPU.Build.0 = Release|Any CPU
		{541CC5FD-DBC1-45AA-A583-C44E290F3D18}.Debug|iPhoneSimulator.ActiveCfg = Debug|Any CPU
		{541CC5FD-DBC1-45AA-A583-C44E290F3D18}.Debug|iPhoneSimulator.Build.0 = Debug|Any CPU
		{541CC5FD-DBC1-45AA-A583-C44E290F3D18}.Release|iPhoneSimulator.ActiveCfg = Release|Any CPU
		{541CC5FD-DBC1-45AA-A583-C44E290F3D18}.Release|iPhoneSimulator.Build.0 = Release|Any CPU
		{541CC5FD-DBC1-45AA-A583-C44E290F3D18}.Debug|iPhone.ActiveCfg = Debug|Any CPU
		{541CC5FD-DBC1-45AA-A583-C44E290F3D18}.Debug|iPhone.Build.0 = Debug|Any CPU
		{541CC5FD-DBC1-45AA-A583-C44E290F3D18}.Release|iPhone.ActiveCfg = Release|Any CPU
		{541CC5FD-DBC1-45AA-A583-C44E290F3D18}.Release|iPhone.Build.0 = Release|Any CPU
	EndGlobalSection
EndGlobal
