
Microsoft Visual Studio Solution File, Format Version 12.00
# Visual Studio 15
Project("{FAE04EC0-301F-11D3-BF4B-00C04F79EFBC}") = "OrientationDependencyService.Android", "OrientationDependencyService.Android\OrientationDependencyService.Android.csproj", "{ABC6F61F-BC41-4111-8852-1C2C8BBAC738}"
EndProject
Project("{FAE04EC0-301F-11D3-BF4B-00C04F79EFBC}") = "OrientationDependencyService.iOS", "OrientationDependencyService.iOS\OrientationDependencyService.iOS.csproj", "{0BD26F2C-6B79-4CEC-A628-4DF8FE84FF78}"
EndProject
Project("{FAE04EC0-301F-11D3-BF4B-00C04F79EFBC}") = "OrientationDependencyService", "OrientationDependencyService\OrientationDependencyService.csproj", "{2A8FBC02-428D-46D4-BD50-A6D35202AF43}"
EndProject
Global
	GlobalSection(SolutionConfigurationPlatforms) = preSolution
		Debug|Any CPU = Debug|Any CPU
		Release|Any CPU = Release|Any CPU
		Debug|iPhoneSimulator = Debug|iPhoneSimulator
		Release|iPhoneSimulator = Release|iPhoneSimulator
		Debug|iPhone = Debug|iPhone
		Release|iPhone = Release|iPhone
	EndGlobalSection
	GlobalSection(ProjectConfigurationPlatforms) = postSolution
		{ABC6F61F-BC41-4111-8852-1C2C8BBAC738}.Debug|Any CPU.ActiveCfg = Debug|Any CPU
		{ABC6F61F-BC41-4111-8852-1C2C8BBAC738}.Debug|Any CPU.Build.0 = Debug|Any CPU
		{ABC6F61F-BC41-4111-8852-1C2C8BBAC738}.Release|Any CPU.ActiveCfg = Release|Any CPU
		{ABC6F61F-BC41-4111-8852-1C2C8BBAC738}.Release|Any CPU.Build.0 = Release|Any CPU
		{ABC6F61F-BC41-4111-8852-1C2C8BBAC738}.Debug|iPhoneSimulator.ActiveCfg = Debug|Any CPU
		{ABC6F61F-BC41-4111-8852-1C2C8BBAC738}.Debug|iPhoneSimulator.Build.0 = Debug|Any CPU
		{ABC6F61F-BC41-4111-8852-1C2C8BBAC738}.Release|iPhoneSimulator.ActiveCfg = Release|Any CPU
		{ABC6F61F-BC41-4111-8852-1C2C8BBAC738}.Release|iPhoneSimulator.Build.0 = Release|Any CPU
		{ABC6F61F-BC41-4111-8852-1C2C8BBAC738}.Debug|iPhone.ActiveCfg = Debug|Any CPU
		{ABC6F61F-BC41-4111-8852-1C2C8BBAC738}.Debug|iPhone.Build.0 = Debug|Any CPU
		{ABC6F61F-BC41-4111-8852-1C2C8BBAC738}.Release|iPhone.ActiveCfg = Release|Any CPU
		{ABC6F61F-BC41-4111-8852-1C2C8BBAC738}.Release|iPhone.Build.0 = Release|Any CPU
		{0BD26F2C-6B79-4CEC-A628-4DF8FE84FF78}.Debug|Any CPU.ActiveCfg = Debug|iPhoneSimulator
		{0BD26F2C-6B79-4CEC-A628-4DF8FE84FF78}.Debug|Any CPU.Build.0 = Debug|iPhoneSimulator
		{0BD26F2C-6B79-4CEC-A628-4DF8FE84FF78}.Release|Any CPU.ActiveCfg = Release|iPhoneSimulator
		{0BD26F2C-6B79-4CEC-A628-4DF8FE84FF78}.Release|Any CPU.Build.0 = Release|iPhoneSimulator
		{0BD26F2C-6B79-4CEC-A628-4DF8FE84FF78}.Debug|iPhoneSimulator.ActiveCfg = Debug|iPhoneSimulator
		{0BD26F2C-6B79-4CEC-A628-4DF8FE84FF78}.Debug|iPhoneSimulator.Build.0 = Debug|iPhoneSimulator
		{0BD26F2C-6B79-4CEC-A628-4DF8FE84FF78}.Release|iPhoneSimulator.ActiveCfg = Release|iPhoneSimulator
		{0BD26F2C-6B79-4CEC-A628-4DF8FE84FF78}.Release|iPhoneSimulator.Build.0 = Release|iPhoneSimulator
		{0BD26F2C-6B79-4CEC-A628-4DF8FE84FF78}.Debug|iPhone.ActiveCfg = Debug|iPhone
		{0BD26F2C-6B79-4CEC-A628-4DF8FE84FF78}.Debug|iPhone.Build.0 = Debug|iPhone
		{0BD26F2C-6B79-4CEC-A628-4DF8FE84FF78}.Release|iPhone.ActiveCfg = Release|iPhone
		{0BD26F2C-6B79-4CEC-A628-4DF8FE84FF78}.Release|iPhone.Build.0 = Release|iPhone
		{2A8FBC02-428D-46D4-BD50-A6D35202AF43}.Debug|Any CPU.ActiveCfg = Debug|Any CPU
		{2A8FBC02-428D-46D4-BD50-A6D35202AF43}.Debug|Any CPU.Build.0 = Debug|Any CPU
		{2A8FBC02-428D-46D4-BD50-A6D35202AF43}.Release|Any CPU.ActiveCfg = Release|Any CPU
		{2A8FBC02-428D-46D4-BD50-A6D35202AF43}.Release|Any CPU.Build.0 = Release|Any CPU
		{2A8FBC02-428D-46D4-BD50-A6D35202AF43}.Debug|iPhoneSimulator.ActiveCfg = Debug|Any CPU
		{2A8FBC02-428D-46D4-BD50-A6D35202AF43}.Debug|iPhoneSimulator.Build.0 = Debug|Any CPU
		{2A8FBC02-428D-46D4-BD50-A6D35202AF43}.Release|iPhoneSimulator.ActiveCfg = Release|Any CPU
		{2A8FBC02-428D-46D4-BD50-A6D35202AF43}.Release|iPhoneSimulator.Build.0 = Release|Any CPU
		{2A8FBC02-428D-46D4-BD50-A6D35202AF43}.Debug|iPhone.ActiveCfg = Debug|Any CPU
		{2A8FBC02-428D-46D4-BD50-A6D35202AF43}.Debug|iPhone.Build.0 = Debug|Any CPU
		{2A8FBC02-428D-46D4-BD50-A6D35202AF43}.Release|iPhone.ActiveCfg = Release|Any CPU
		{2A8FBC02-428D-46D4-BD50-A6D35202AF43}.Release|iPhone.Build.0 = Release|Any CPU
	EndGlobalSection
EndGlobal
